// !$*UTF8*$!
{
	archiveVersion = 1;
	classes = {
	};
	objectVersion = 56;
	objects = {

/* Begin PBXBuildFile section */
		581E3BD4298AF70C0041ECF4 /* Hacker_NewsApp.swift in Sources */ = {isa = PBXBuildFile; fileRef = 581E3BD3298AF70C0041ECF4 /* Hacker_NewsApp.swift */; };
		581E3BD6298AF70C0041ECF4 /* HackerNewsView.swift in Sources */ = {isa = PBXBuildFile; fileRef = 581E3BD5298AF70C0041ECF4 /* HackerNewsView.swift */; };
		581E3BD8298AF70E0041ECF4 /* Assets.xcassets in Resources */ = {isa = PBXBuildFile; fileRef = 581E3BD7298AF70E0041ECF4 /* Assets.xcassets */; };
		581E3BDB298AF70E0041ECF4 /* Preview Assets.xcassets in Resources */ = {isa = PBXBuildFile; fileRef = 581E3BDA298AF70E0041ECF4 /* Preview Assets.xcassets */; };
		581E3BE2298AF9460041ECF4 /* NetworkManager.swift in Sources */ = {isa = PBXBuildFile; fileRef = 581E3BE1298AF9460041ECF4 /* NetworkManager.swift */; };
		581E3BE6298AFA6C0041ECF4 /* HackerNewsAPIModel.swift in Sources */ = {isa = PBXBuildFile; fileRef = 581E3BE5298AFA6C0041ECF4 /* HackerNewsAPIModel.swift */; };
		581E3BEA298B04A00041ECF4 /* NewsDetailView.swift in Sources */ = {isa = PBXBuildFile; fileRef = 581E3BE9298B04A00041ECF4 /* NewsDetailView.swift */; };
		581E3BEC298B0D5D0041ECF4 /* NewsDetailSubview.swift in Sources */ = {isa = PBXBuildFile; fileRef = 581E3BEB298B0D5D0041ECF4 /* NewsDetailSubview.swift */; };
		581E3BF2298B101B0041ECF4 /* HackerNewsModel.swift in Sources */ = {isa = PBXBuildFile; fileRef = 581E3BF1298B101B0041ECF4 /* HackerNewsModel.swift */; };
		581E3BF4298B10580041ECF4 /* HackerNewsViewModel.swift in Sources */ = {isa = PBXBuildFile; fileRef = 581E3BF3298B10580041ECF4 /* HackerNewsViewModel.swift */; };
/* End PBXBuildFile section */

/* Begin PBXFileReference section */
		581E3BD0298AF70C0041ECF4 /* Hacker News.app */ = {isa = PBXFileReference; explicitFileType = wrapper.application; includeInIndex = 0; path = "Hacker News.app"; sourceTree = BUILT_PRODUCTS_DIR; };
		581E3BD3298AF70C0041ECF4 /* Hacker_NewsApp.swift */ = {isa = PBXFileReference; lastKnownFileType = sourcecode.swift; path = Hacker_NewsApp.swift; sourceTree = "<group>"; };
		581E3BD5298AF70C0041ECF4 /* HackerNewsView.swift */ = {isa = PBXFileReference; lastKnownFileType = sourcecode.swift; path = HackerNewsView.swift; sourceTree = "<group>"; };
		581E3BD7298AF70E0041ECF4 /* Assets.xcassets */ = {isa = PBXFileReference; lastKnownFileType = folder.assetcatalog; path = Assets.xcassets; sourceTree = "<group>"; };
		581E3BDA298AF70E0041ECF4 /* Preview Assets.xcassets */ = {isa = PBXFileReference; lastKnownFileType = folder.assetcatalog; path = "Preview Assets.xcassets"; sourceTree = "<group>"; };
		581E3BE1298AF9460041ECF4 /* NetworkManager.swift */ = {isa = PBXFileReference; lastKnownFileType = sourcecode.swift; path = NetworkManager.swift; sourceTree = "<group>"; };
		581E3BE5298AFA6C0041ECF4 /* HackerNewsAPIModel.swift */ = {isa = PBXFileReference; lastKnownFileType = sourcecode.swift; path = HackerNewsAPIModel.swift; sourceTree = "<group>"; };
		581E3BE9298B04A00041ECF4 /* NewsDetailView.swift */ = {isa = PBXFileReference; lastKnownFileType = sourcecode.swift; path = NewsDetailView.swift; sourceTree = "<group>"; };
		581E3BEB298B0D5D0041ECF4 /* NewsDetailSubview.swift */ = {isa = PBXFileReference; lastKnownFileType = sourcecode.swift; path = NewsDetailSubview.swift; sourceTree = "<group>"; };
		581E3BF1298B101B0041ECF4 /* HackerNewsModel.swift */ = {isa = PBXFileReference; lastKnownFileType = sourcecode.swift; path = HackerNewsModel.swift; sourceTree = "<group>"; };
		581E3BF3298B10580041ECF4 /* HackerNewsViewModel.swift */ = {isa = PBXFileReference; lastKnownFileType = sourcecode.swift; path = HackerNewsViewModel.swift; sourceTree = "<group>"; };
/* End PBXFileReference section */

/* Begin PBXFrameworksBuildPhase section */
		581E3BCD298AF70C0041ECF4 /* Frameworks */ = {
			isa = PBXFrameworksBuildPhase;
			buildActionMask = 2147483647;
			files = (
			);
			runOnlyForDeploymentPostprocessing = 0;
		};
/* End PBXFrameworksBuildPhase section */

/* Begin PBXGroup section */
		581E3BC7298AF70C0041ECF4 = {
			isa = PBXGroup;
			children = (
				581E3BD2298AF70C0041ECF4 /* Hacker News */,
				581E3BD1298AF70C0041ECF4 /* Products */,
			);
			sourceTree = "<group>";
		};
		581E3BD1298AF70C0041ECF4 /* Products */ = {
			isa = PBXGroup;
			children = (
				581E3BD0298AF70C0041ECF4 /* Hacker News.app */,
			);
			name = Products;
			sourceTree = "<group>";
		};
		581E3BD2298AF70C0041ECF4 /* Hacker News */ = {
			isa = PBXGroup;
			children = (
				581E3BD3298AF70C0041ECF4 /* Hacker_NewsApp.swift */,
				581E3BEF298B0FF20041ECF4 /* HackerNews */,
				581E3BEE298B0FE80041ECF4 /* NetworkManager */,
				581E3BED298B0FDA0041ECF4 /* NewsDetail */,
				581E3BF0298B0FFB0041ECF4 /* Media */,
				581E3BD9298AF70E0041ECF4 /* Preview Content */,
			);
			path = "Hacker News";
			sourceTree = "<group>";
		};
		581E3BD9298AF70E0041ECF4 /* Preview Content */ = {
			isa = PBXGroup;
			children = (
				581E3BDA298AF70E0041ECF4 /* Preview Assets.xcassets */,
			);
			path = "Preview Content";
			sourceTree = "<group>";
		};
		581E3BED298B0FDA0041ECF4 /* NewsDetail */ = {
			isa = PBXGroup;
			children = (
				581E3BE9298B04A00041ECF4 /* NewsDetailView.swift */,
				581E3BEB298B0D5D0041ECF4 /* NewsDetailSubview.swift */,
			);
			path = NewsDetail;
			sourceTree = "<group>";
		};
		581E3BEE298B0FE80041ECF4 /* NetworkManager */ = {
			isa = PBXGroup;
			children = (
				581E3BE5298AFA6C0041ECF4 /* HackerNewsAPIModel.swift */,
				581E3BE1298AF9460041ECF4 /* NetworkManager.swift */,
			);
			path = NetworkManager;
			sourceTree = "<group>";
		};
		581E3BEF298B0FF20041ECF4 /* HackerNews */ = {
			isa = PBXGroup;
			children = (
				581E3BD5298AF70C0041ECF4 /* HackerNewsView.swift */,
				581E3BF3298B10580041ECF4 /* HackerNewsViewModel.swift */,
				581E3BF1298B101B0041ECF4 /* HackerNewsModel.swift */,
			);
			path = HackerNews;
			sourceTree = "<group>";
		};
		581E3BF0298B0FFB0041ECF4 /* Media */ = {
			isa = PBXGroup;
			children = (
				581E3BD7298AF70E0041ECF4 /* Assets.xcassets */,
			);
			path = Media;
			sourceTree = "<group>";
		};
/* End PBXGroup section */

/* Begin PBXNativeTarget section */
		581E3BCF298AF70C0041ECF4 /* Hacker News */ = {
			isa = PBXNativeTarget;
			buildConfigurationList = 581E3BDE298AF70E0041ECF4 /* Build configuration list for PBXNativeTarget "Hacker News" */;
			buildPhases = (
				581E3BCC298AF70C0041ECF4 /* Sources */,
				581E3BCD298AF70C0041ECF4 /* Frameworks */,
				581E3BCE298AF70C0041ECF4 /* Resources */,
			);
			buildRules = (
			);
			dependencies = (
			);
			name = "Hacker News";
			productName = "Hacker News";
			productReference = 581E3BD0298AF70C0041ECF4 /* Hacker News.app */;
			productType = "com.apple.product-type.application";
		};
/* End PBXNativeTarget section */

/* Begin PBXProject section */
		581E3BC8298AF70C0041ECF4 /* Project object */ = {
			isa = PBXProject;
			attributes = {
				BuildIndependentTargetsInParallel = 1;
				LastSwiftUpdateCheck = 1420;
				LastUpgradeCheck = 1420;
				TargetAttributes = {
					581E3BCF298AF70C0041ECF4 = {
						CreatedOnToolsVersion = 14.2;
					};
				};
			};
			buildConfigurationList = 581E3BCB298AF70C0041ECF4 /* Build configuration list for PBXProject "Hacker News" */;
			compatibilityVersion = "Xcode 14.0";
			developmentRegion = en;
			hasScannedForEncodings = 0;
			knownRegions = (
				en,
				Base,
			);
			mainGroup = 581E3BC7298AF70C0041ECF4;
			productRefGroup = 581E3BD1298AF70C0041ECF4 /* Products */;
			projectDirPath = "";
			projectRoot = "";
			targets = (
				581E3BCF298AF70C0041ECF4 /* Hacker News */,
			);
		};
/* End PBXProject section */

/* Begin PBXResourcesBuildPhase section */
		581E3BCE298AF70C0041ECF4 /* Resources */ = {
			isa = PBXResourcesBuildPhase;
			buildActionMask = 2147483647;
			files = (
				581E3BDB298AF70E0041ECF4 /* Preview Assets.xcassets in Resources */,
				581E3BD8298AF70E0041ECF4 /* Assets.xcassets in Resources */,
			);
			runOnlyForDeploymentPostprocessing = 0;
		};
/* End PBXResourcesBuildPhase section */

/* Begin PBXSourcesBuildPhase section */
		581E3BCC298AF70C0041ECF4 /* Sources */ = {
			isa = PBXSourcesBuildPhase;
			buildActionMask = 2147483647;
			files = (
				581E3BE2298AF9460041ECF4 /* NetworkManager.swift in Sources */,
				581E3BD6298AF70C0041ECF4 /* HackerNewsView.swift in Sources */,
				581E3BF2298B101B0041ECF4 /* HackerNewsModel.swift in Sources */,
				581E3BF4298B10580041ECF4 /* HackerNewsViewModel.swift in Sources */,
				581E3BE6298AFA6C0041ECF4 /* HackerNewsAPIModel.swift in Sources */,
				581E3BD4298AF70C0041ECF4 /* Hacker_NewsApp.swift in Sources */,
				581E3BEC298B0D5D0041ECF4 /* NewsDetailSubview.swift in Sources */,
				581E3BEA298B04A00041ECF4 /* NewsDetailView.swift in Sources */,
			);
			runOnlyForDeploymentPostprocessing = 0;
		};
/* End PBXSourcesBuildPhase section */

/* Begin XCBuildConfiguration section */
		581E3BDC298AF70E0041ECF4 /* Debug */ = {
			isa = XCBuildConfiguration;
			buildSettings = {
				ALWAYS_SEARCH_USER_PATHS = NO;
				CLANG_ANALYZER_NONNULL = YES;
				CLANG_ANALYZER_NUMBER_OBJECT_CONVERSION = YES_AGGRESSIVE;
				CLANG_CXX_LANGUAGE_STANDARD = "gnu++20";
				CLANG_ENABLE_MODULES = YES;
				CLANG_ENABLE_OBJC_ARC = YES;
				CLANG_ENABLE_OBJC_WEAK = YES;
				CLANG_WARN_BLOCK_CAPTURE_AUTORELEASING = YES;
				CLANG_WARN_BOOL_CONVERSION = YES;
				CLANG_WARN_COMMA = YES;
				CLANG_WARN_CONSTANT_CONVERSION = YES;
				CLANG_WARN_DEPRECATED_OBJC_IMPLEMENTATIONS = YES;
				CLANG_WARN_DIRECT_OBJC_ISA_USAGE = YES_ERROR;
				CLANG_WARN_DOCUMENTATION_COMMENTS = YES;
				CLANG_WARN_EMPTY_BODY = YES;
				CLANG_WARN_ENUM_CONVERSION = YES;
				CLANG_WARN_INFINITE_RECURSION = YES;
				CLANG_WARN_INT_CONVERSION = YES;
				CLANG_WARN_NON_LITERAL_NULL_CONVERSION = YES;
				CLANG_WARN_OBJC_IMPLICIT_RETAIN_SELF = YES;
				CLANG_WARN_OBJC_LITERAL_CONVERSION = YES;
				CLANG_WARN_OBJC_ROOT_CLASS = YES_ERROR;
				CLANG_WARN_QUOTED_INCLUDE_IN_FRAMEWORK_HEADER = YES;
				CLANG_WARN_RANGE_LOOP_ANALYSIS = YES;
				CLANG_WARN_STRICT_PROTOTYPES = YES;
				CLANG_WARN_SUSPICIOUS_MOVE = YES;
				CLANG_WARN_UNGUARDED_AVAILABILITY = YES_AGGRESSIVE;
				CLANG_WARN_UNREACHABLE_CODE = YES;
				CLANG_WARN__DUPLICATE_METHOD_MATCH = YES;
				COPY_PHASE_STRIP = NO;
				DEBUG_INFORMATION_FORMAT = dwarf;
				ENABLE_STRICT_OBJC_MSGSEND = YES;
				ENABLE_TESTABILITY = YES;
				GCC_C_LANGUAGE_STANDARD = gnu11;
				GCC_DYNAMIC_NO_PIC = NO;
				GCC_NO_COMMON_BLOCKS = YES;
				GCC_OPTIMIZATION_LEVEL = 0;
				GCC_PREPROCESSOR_DEFINITIONS = (
					"DEBUG=1",
					"$(inherited)",
				);
				GCC_WARN_64_TO_32_BIT_CONVERSION = YES;
				GCC_WARN_ABOUT_RETURN_TYPE = YES_ERROR;
				GCC_WARN_UNDECLARED_SELECTOR = YES;
				GCC_WARN_UNINITIALIZED_AUTOS = YES_AGGRESSIVE;
				GCC_WARN_UNUSED_FUNCTION = YES;
				GCC_WARN_UNUSED_VARIABLE = YES;
				IPHONEOS_DEPLOYMENT_TARGET = 16.2;
				MTL_ENABLE_DEBUG_INFO = INCLUDE_SOURCE;
				MTL_FAST_MATH = YES;
				ONLY_ACTIVE_ARCH = YES;
				SDKROOT = iphoneos;
				SWIFT_ACTIVE_COMPILATION_CONDITIONS = DEBUG;
				SWIFT_OPTIMIZATION_LEVEL = "-Onone";
			};
			name = Debug;
		};
		581E3BDD298AF70E0041ECF4 /* Release */ = {
			isa = XCBuildConfiguration;
			buildSettings = {
				ALWAYS_SEARCH_USER_PATHS = NO;
				CLANG_ANALYZER_NONNULL = YES;
				CLANG_ANALYZER_NUMBER_OBJECT_CONVERSION = YES_AGGRESSIVE;
				CLANG_CXX_LANGUAGE_STANDARD = "gnu++20";
				CLANG_ENABLE_MODULES = YES;
				CLANG_ENABLE_OBJC_ARC = YES;
				CLANG_ENABLE_OBJC_WEAK = YES;
				CLANG_WARN_BLOCK_CAPTURE_AUTORELEASING = YES;
				CLANG_WARN_BOOL_CONVERSION = YES;
				CLANG_WARN_COMMA = YES;
				CLANG_WARN_CONSTANT_CONVERSION = YES;
				CLANG_WARN_DEPRECATED_OBJC_IMPLEMENTATIONS = YES;
				CLANG_WARN_DIRECT_OBJC_ISA_USAGE = YES_ERROR;
				CLANG_WARN_DOCUMENTATION_COMMENTS = YES;
				CLANG_WARN_EMPTY_BODY = YES;
				CLANG_WARN_ENUM_CONVERSION = YES;
				CLANG_WARN_INFINITE_RECURSION = YES;
				CLANG_WARN_INT_CONVERSION = YES;
				CLANG_WARN_NON_LITERAL_NULL_CONVERSION = YES;
				CLANG_WARN_OBJC_IMPLICIT_RETAIN_SELF = YES;
				CLANG_WARN_OBJC_LITERAL_CONVERSION = YES;
				CLANG_WARN_OBJC_ROOT_CLASS = YES_ERROR;
				CLANG_WARN_QUOTED_INCLUDE_IN_FRAMEWORK_HEADER = YES;
				CLANG_WARN_RANGE_LOOP_ANALYSIS = YES;
				CLANG_WARN_STRICT_PROTOTYPES = YES;
				CLANG_WARN_SUSPICIOUS_MOVE = YES;
				CLANG_WARN_UNGUARDED_AVAILABILITY = YES_AGGRESSIVE;
				CLANG_WARN_UNREACHABLE_CODE = YES;
				CLANG_WARN__DUPLICATE_METHOD_MATCH = YES;
				COPY_PHASE_STRIP = NO;
				DEBUG_INFORMATION_FORMAT = "dwarf-with-dsym";
				ENABLE_NS_ASSERTIONS = NO;
				ENABLE_STRICT_OBJC_MSGSEND = YES;
				GCC_C_LANGUAGE_STANDARD = gnu11;
				GCC_NO_COMMON_BLOCKS = YES;
				GCC_WARN_64_TO_32_BIT_CONVERSION = YES;
				GCC_WARN_ABOUT_RETURN_TYPE = YES_ERROR;
				GCC_WARN_UNDECLARED_SELECTOR = YES;
				GCC_WARN_UNINITIALIZED_AUTOS = YES_AGGRESSIVE;
				GCC_WARN_UNUSED_FUNCTION = YES;
				GCC_WARN_UNUSED_VARIABLE = YES;
				IPHONEOS_DEPLOYMENT_TARGET = 16.2;
				MTL_ENABLE_DEBUG_INFO = NO;
				MTL_FAST_MATH = YES;
				SDKROOT = iphoneos;
				SWIFT_COMPILATION_MODE = wholemodule;
				SWIFT_OPTIMIZATION_LEVEL = "-O";
				VALIDATE_PRODUCT = YES;
			};
			name = Release;
		};
		581E3BDF298AF70E0041ECF4 /* Debug */ = {
			isa = XCBuildConfiguration;
			buildSettings = {
				ASSETCATALOG_COMPILER_APPICON_NAME = AppIcon;
				ASSETCATALOG_COMPILER_GLOBAL_ACCENT_COLOR_NAME = AccentColor;
				CODE_SIGN_STYLE = Automatic;
				CURRENT_PROJECT_VERSION = 1;
				DEVELOPMENT_ASSET_PATHS = "\"Hacker News/Preview Content\"";
				DEVELOPMENT_TEAM = JN4DDTS7AA;
				ENABLE_PREVIEWS = YES;
				GENERATE_INFOPLIST_FILE = YES;
				INFOPLIST_KEY_UIApplicationSceneManifest_Generation = YES;
				INFOPLIST_KEY_UIApplicationSupportsIndirectInputEvents = YES;
				INFOPLIST_KEY_UILaunchScreen_Generation = YES;
				INFOPLIST_KEY_UISupportedInterfaceOrientations_iPad = "UIInterfaceOrientationPortrait UIInterfaceOrientationPortraitUpsideDown UIInterfaceOrientationLandscapeLeft UIInterfaceOrientationLandscapeRight";
				INFOPLIST_KEY_UISupportedInterfaceOrientations_iPhone = "UIInterfaceOrientationPortrait UIInterfaceOrientationLandscapeLeft UIInterfaceOrientationLandscapeRight";
				LD_RUNPATH_SEARCH_PATHS = (
					"$(inherited)",
					"@executable_path/Frameworks",
				);
				MARKETING_VERSION = 1.0;
				PRODUCT_BUNDLE_IDENTIFIER = "com.hollis.Hacker-News";
				PRODUCT_NAME = "$(TARGET_NAME)";
				SWIFT_EMIT_LOC_STRINGS = YES;
				SWIFT_VERSION = 5.0;
				TARGETED_DEVICE_FAMILY = "1,2";
			};
			name = Debug;
		};
		581E3BE0298AF70E0041ECF4 /* Release */ = {
			isa = XCBuildConfiguration;
			buildSettings = {
				ASSETCATALOG_COMPILER_APPICON_NAME = AppIcon;
				ASSETCATALOG_COMPILER_GLOBAL_ACCENT_COLOR_NAME = AccentColor;
				CODE_SIGN_STYLE = Automatic;
				CURRENT_PROJECT_VERSION = 1;
				DEVELOPMENT_ASSET_PATHS = "\"Hacker News/Preview Content\"";
				DEVELOPMENT_TEAM = JN4DDTS7AA;
				ENABLE_PREVIEWS = YES;
				GENERATE_INFOPLIST_FILE = YES;
				INFOPLIST_KEY_UIApplicationSceneManifest_Generation = YES;
				INFOPLIST_KEY_UIApplicationSupportsIndirectInputEvents = YES;
				INFOPLIST_KEY_UILaunchScreen_Generation = YES;
				INFOPLIST_KEY_UISupportedInterfaceOrientations_iPad = "UIInterfaceOrientationPortrait UIInterfaceOrientationPortraitUpsideDown UIInterfaceOrientationLandscapeLeft UIInterfaceOrientationLandscapeRight";
				INFOPLIST_KEY_UISupportedInterfaceOrientations_iPhone = "UIInterfaceOrientationPortrait UIInterfaceOrientationLandscapeLeft UIInterfaceOrientationLandscapeRight";
				LD_RUNPATH_SEARCH_PATHS = (
					"$(inherited)",
					"@executable_path/Frameworks",
				);
				MARKETING_VERSION = 1.0;
				PRODUCT_BUNDLE_IDENTIFIER = "com.hollis.Hacker-News";
				PRODUCT_NAME = "$(TARGET_NAME)";
				SWIFT_EMIT_LOC_STRINGS = YES;
				SWIFT_VERSION = 5.0;
				TARGETED_DEVICE_FAMILY = "1,2";
			};
			name = Release;
		};
/* End XCBuildConfiguration section */

/* Begin XCConfigurationList section */
		581E3BCB298AF70C0041ECF4 /* Build configuration list for PBXProject "Hacker News" */ = {
			isa = XCConfigurationList;
			buildConfigurations = (
				581E3BDC298AF70E0041ECF4 /* Debug */,
				581E3BDD298AF70E0041ECF4 /* Release */,
			);
			defaultConfigurationIsVisible = 0;
			defaultConfigurationName = Release;
		};
		581E3BDE298AF70E0041ECF4 /* Build configuration list for PBXNativeTarget "Hacker News" */ = {
			isa = XCConfigurationList;
			buildConfigurations = (
				581E3BDF298AF70E0041ECF4 /* Debug */,
				581E3BE0298AF70E0041ECF4 /* Release */,
			);
			defaultConfigurationIsVisible = 0;
			defaultConfigurationName = Release;
		};
/* End XCConfigurationList section */
	};
	rootObject = 581E3BC8298AF70C0041ECF4 /* Project object */;
}
